
Microsoft Visual Studio Solution File, Format Version 12.00
# Visual Studio Version 16
VisualStudioVersion = 16.0.31105.61
MinimumVisualStudioVersion = 10.0.40219.1
Project("{9A19103F-16F7-4668-BE54-9A1E7A4F7556}") = "TFNValidate.API", "TFNValidate\TFNValidate.API.csproj", "{28B07B91-0A4B-4591-B14C-A299B8C2980F}"
	ProjectSection(ProjectDependencies) = postProject
		{68C98AF6-AABF-4889-9DE8-E08DACCFED62} = {68C98AF6-AABF-4889-9DE8-E08DACCFED62}
	EndProjectSection
EndProject
Project("{9A19103F-16F7-4668-BE54-9A1E7A4F7556}") = "TFNValidate.Services", "TFNValidate.Services\TFNValidate.Services.csproj", "{0BE5C4F2-57BF-41A2-9D05-90C7A33CCF7F}"
	ProjectSection(ProjectDependencies) = postProject
		{68C98AF6-AABF-4889-9DE8-E08DACCFED62} = {68C98AF6-AABF-4889-9DE8-E08DACCFED62}
	EndProjectSection
EndProject
Project("{9A19103F-16F7-4668-BE54-9A1E7A4F7556}") = "TFNValidate.Persistence", "TFNValidate.Persistence\TFNValidate.Persistence.csproj", "{68C98AF6-AABF-4889-9DE8-E08DACCFED62}"
EndProject
Project("{9A19103F-16F7-4668-BE54-9A1E7A4F7556}") = "TFNValidate.Persistence.Tests", "TFNValidate.Persistence.Tests\TFNValidate.Persistence.Tests.csproj", "{94D81CF5-15D8-4DA2-A446-694B3BC8A4DB}"
EndProject
Project("{9A19103F-16F7-4668-BE54-9A1E7A4F7556}") = "TFNValidate.Services.Tests", "TFNValidate.Services.Tests\TFNValidate.Services.Tests.csproj", "{0E33F6BC-A2F1-4292-8CD6-B8AB1AC10183}"
EndProject
Project("{9A19103F-16F7-4668-BE54-9A1E7A4F7556}") = "TFNValidate.API.Tests", "TFNValidate.API.Tests\TFNValidate.API.Tests.csproj", "{23FE1982-A0BC-4B51-A55D-A436E30DD804}"
EndProject
Global
	GlobalSection(SolutionConfigurationPlatforms) = preSolution
		Debug|Any CPU = Debug|Any CPU
		Release|Any CPU = Release|Any CPU
	EndGlobalSection
	GlobalSection(ProjectConfigurationPlatforms) = postSolution
		{28B07B91-0A4B-4591-B14C-A299B8C2980F}.Debug|Any CPU.ActiveCfg = Debug|Any CPU
		{28B07B91-0A4B-4591-B14C-A299B8C2980F}.Debug|Any CPU.Build.0 = Debug|Any CPU
		{28B07B91-0A4B-4591-B14C-A299B8C2980F}.Release|Any CPU.ActiveCfg = Release|Any CPU
		{28B07B91-0A4B-4591-B14C-A299B8C2980F}.Release|Any CPU.Build.0 = Release|Any CPU
		{0BE5C4F2-57BF-41A2-9D05-90C7A33CCF7F}.Debug|Any CPU.ActiveCfg = Debug|Any CPU
		{0BE5C4F2-57BF-41A2-9D05-90C7A33CCF7F}.Debug|Any CPU.Build.0 = Debug|Any CPU
		{0BE5C4F2-57BF-41A2-9D05-90C7A33CCF7F}.Release|Any CPU.ActiveCfg = Release|Any CPU
		{0BE5C4F2-57BF-41A2-9D05-90C7A33CCF7F}.Release|Any CPU.Build.0 = Release|Any CPU
		{68C98AF6-AABF-4889-9DE8-E08DACCFED62}.Debug|Any CPU.ActiveCfg = Debug|Any CPU
		{68C98AF6-AABF-4889-9DE8-E08DACCFED62}.Debug|Any CPU.Build.0 = Debug|Any CPU
		{68C98AF6-AABF-4889-9DE8-E08DACCFED62}.Release|Any CPU.ActiveCfg = Release|Any CPU
		{68C98AF6-AABF-4889-9DE8-E08DACCFED62}.Release|Any CPU.Build.0 = Release|Any CPU
		{94D81CF5-15D8-4DA2-A446-694B3BC8A4DB}.Debug|Any CPU.ActiveCfg = Debug|Any CPU
		{94D81CF5-15D8-4DA2-A446-694B3BC8A4DB}.Debug|Any CPU.Build.0 = Debug|Any CPU
		{94D81CF5-15D8-4DA2-A446-694B3BC8A4DB}.Release|Any CPU.ActiveCfg = Release|Any CPU
		{94D81CF5-15D8-4DA2-A446-694B3BC8A4DB}.Release|Any CPU.Build.0 = Release|Any CPU
		{0E33F6BC-A2F1-4292-8CD6-B8AB1AC10183}.Debug|Any CPU.ActiveCfg = Debug|Any CPU
		{0E33F6BC-A2F1-4292-8CD6-B8AB1AC10183}.Debug|Any CPU.Build.0 = Debug|Any CPU
		{0E33F6BC-A2F1-4292-8CD6-B8AB1AC10183}.Release|Any CPU.ActiveCfg = Release|Any CPU
		{0E33F6BC-A2F1-4292-8CD6-B8AB1AC10183}.Release|Any CPU.Build.0 = Release|Any CPU
		{23FE1982-A0BC-4B51-A55D-A436E30DD804}.Debug|Any CPU.ActiveCfg = Debug|Any CPU
		{23FE1982-A0BC-4B51-A55D-A436E30DD804}.Debug|Any CPU.Build.0 = Debug|Any CPU
		{23FE1982-A0BC-4B51-A55D-A436E30DD804}.Release|Any CPU.ActiveCfg = Release|Any CPU
		{23FE1982-A0BC-4B51-A55D-A436E30DD804}.Release|Any CPU.Build.0 = Release|Any CPU
	EndGlobalSection
	GlobalSection(SolutionProperties) = preSolution
		HideSolutionNode = FALSE
	EndGlobalSection
	GlobalSection(ExtensibilityGlobals) = postSolution
		SolutionGuid = {702C4E3D-A342-413D-8A72-630AC737A271}
	EndGlobalSection
EndGlobal
